// !$*UTF8*$!
{
	archiveVersion = 1;
	classes = {
	};
	objectVersion = 50;
	objects = {

/* Begin PBXBuildFile section */
		670857EA257FCF8A009C79D2 /* RepeatDay.swift in Sources */ = {isa = PBXBuildFile; fileRef = 670857E9257FCF8A009C79D2 /* RepeatDay.swift */; };
		6718C493257D292F0075F4CA /* NotificationManager.swift in Sources */ = {isa = PBXBuildFile; fileRef = 6718C492257D292F0075F4CA /* NotificationManager.swift */; };
		678962562579000100F1C550 /* Style.swift in Sources */ = {isa = PBXBuildFile; fileRef = 678962552579000100F1C550 /* Style.swift */; };
		679B8BB4257E7F5000D08287 /* EarlyRiser.mp3 in Resources */ = {isa = PBXBuildFile; fileRef = 679B8BB3257E7F5000D08287 /* EarlyRiser.mp3 */; };
		67AA76C2257A5DC600643F3C /* BaseSettingCell.swift in Sources */ = {isa = PBXBuildFile; fileRef = 67AA76C1257A5DC600643F3C /* BaseSettingCell.swift */; };
		67AA76C4257A770500643F3C /* Alarm.swift in Sources */ = {isa = PBXBuildFile; fileRef = 67AA76C3257A770500643F3C /* Alarm.swift */; };
		67BB94A12577D6DD0083B5D6 /* TimeCell.swift in Sources */ = {isa = PBXBuildFile; fileRef = 67BB94A02577D6DD0083B5D6 /* TimeCell.swift */; };
		67BB94A32577DC9E0083B5D6 /* DateCell.swift in Sources */ = {isa = PBXBuildFile; fileRef = 67BB94A22577DC9E0083B5D6 /* DateCell.swift */; };
		67BB94A62577EBE10083B5D6 /* AlarmEditTableFooterView.swift in Sources */ = {isa = PBXBuildFile; fileRef = 67BB94A52577EBE10083B5D6 /* AlarmEditTableFooterView.swift */; };
		67BB94A92577F0590083B5D6 /* AlarmEditSection.swift in Sources */ = {isa = PBXBuildFile; fileRef = 67BB94A82577F0590083B5D6 /* AlarmEditSection.swift */; };
		67CE7B742572AA71002988FE /* AlarmEditController.swift in Sources */ = {isa = PBXBuildFile; fileRef = 67CE7B732572AA71002988FE /* AlarmEditController.swift */; };
		67FACF232572758E00880254 /* AppDelegate.swift in Sources */ = {isa = PBXBuildFile; fileRef = 67FACF222572758E00880254 /* AppDelegate.swift */; };
		67FACF252572758E00880254 /* SceneDelegate.swift in Sources */ = {isa = PBXBuildFile; fileRef = 67FACF242572758E00880254 /* SceneDelegate.swift */; };
		67FACF272572758E00880254 /* AlarmListController.swift in Sources */ = {isa = PBXBuildFile; fileRef = 67FACF262572758E00880254 /* AlarmListController.swift */; };
		67FACF2C257275A300880254 /* Assets.xcassets in Resources */ = {isa = PBXBuildFile; fileRef = 67FACF2B257275A300880254 /* Assets.xcassets */; };
		67FACF2F257275A300880254 /* LaunchScreen.storyboard in Resources */ = {isa = PBXBuildFile; fileRef = 67FACF2D257275A300880254 /* LaunchScreen.storyboard */; };
		67FACF372572761300880254 /* .gitignore in Resources */ = {isa = PBXBuildFile; fileRef = 67FACF362572761300880254 /* .gitignore */; };
		67FACF432572821E00880254 /* UIView Extensions.swift in Sources */ = {isa = PBXBuildFile; fileRef = 67FACF422572821E00880254 /* UIView Extensions.swift */; };
		67FACF47257284F500880254 /* AlarmListCell.swift in Sources */ = {isa = PBXBuildFile; fileRef = 67FACF46257284F500880254 /* AlarmListCell.swift */; };
		67FACF4B2572897700880254 /* Colors.swift in Sources */ = {isa = PBXBuildFile; fileRef = 67FACF4A2572897700880254 /* Colors.swift */; };
		67FACF4D257289A000880254 /* UIColor Extensions.swift in Sources */ = {isa = PBXBuildFile; fileRef = 67FACF4C257289A000880254 /* UIColor Extensions.swift */; };
/* End PBXBuildFile section */

/* Begin PBXFileReference section */
		670857E9257FCF8A009C79D2 /* RepeatDay.swift */ = {isa = PBXFileReference; lastKnownFileType = sourcecode.swift; path = RepeatDay.swift; sourceTree = "<group>"; };
		6718C492257D292F0075F4CA /* NotificationManager.swift */ = {isa = PBXFileReference; lastKnownFileType = sourcecode.swift; path = NotificationManager.swift; sourceTree = "<group>"; };
		678962552579000100F1C550 /* Style.swift */ = {isa = PBXFileReference; lastKnownFileType = sourcecode.swift; path = Style.swift; sourceTree = "<group>"; };
		679B8BB3257E7F5000D08287 /* EarlyRiser.mp3 */ = {isa = PBXFileReference; lastKnownFileType = audio.mp3; path = EarlyRiser.mp3; sourceTree = "<group>"; };
		67AA76C1257A5DC600643F3C /* BaseSettingCell.swift */ = {isa = PBXFileReference; lastKnownFileType = sourcecode.swift; path = BaseSettingCell.swift; sourceTree = "<group>"; };
		67AA76C3257A770500643F3C /* Alarm.swift */ = {isa = PBXFileReference; lastKnownFileType = sourcecode.swift; path = Alarm.swift; sourceTree = "<group>"; };
		67BB94A02577D6DD0083B5D6 /* TimeCell.swift */ = {isa = PBXFileReference; lastKnownFileType = sourcecode.swift; path = TimeCell.swift; sourceTree = "<group>"; };
		67BB94A22577DC9E0083B5D6 /* DateCell.swift */ = {isa = PBXFileReference; lastKnownFileType = sourcecode.swift; path = DateCell.swift; sourceTree = "<group>"; };
		67BB94A52577EBE10083B5D6 /* AlarmEditTableFooterView.swift */ = {isa = PBXFileReference; lastKnownFileType = sourcecode.swift; path = AlarmEditTableFooterView.swift; sourceTree = "<group>"; };
		67BB94A82577F0590083B5D6 /* AlarmEditSection.swift */ = {isa = PBXFileReference; lastKnownFileType = sourcecode.swift; path = AlarmEditSection.swift; sourceTree = "<group>"; };
		67CE7B732572AA71002988FE /* AlarmEditController.swift */ = {isa = PBXFileReference; lastKnownFileType = sourcecode.swift; path = AlarmEditController.swift; sourceTree = "<group>"; };
		67FACF1F2572758E00880254 /* Alarmv.app */ = {isa = PBXFileReference; explicitFileType = wrapper.application; includeInIndex = 0; path = Alarmv.app; sourceTree = BUILT_PRODUCTS_DIR; };
		67FACF222572758E00880254 /* AppDelegate.swift */ = {isa = PBXFileReference; lastKnownFileType = sourcecode.swift; path = AppDelegate.swift; sourceTree = "<group>"; };
		67FACF242572758E00880254 /* SceneDelegate.swift */ = {isa = PBXFileReference; lastKnownFileType = sourcecode.swift; path = SceneDelegate.swift; sourceTree = "<group>"; };
		67FACF262572758E00880254 /* AlarmListController.swift */ = {isa = PBXFileReference; lastKnownFileType = sourcecode.swift; path = AlarmListController.swift; sourceTree = "<group>"; };
		67FACF2B257275A300880254 /* Assets.xcassets */ = {isa = PBXFileReference; lastKnownFileType = folder.assetcatalog; path = Assets.xcassets; sourceTree = "<group>"; };
		67FACF2E257275A300880254 /* Base */ = {isa = PBXFileReference; lastKnownFileType = file.storyboard; name = Base; path = Base.lproj/LaunchScreen.storyboard; sourceTree = "<group>"; };
		67FACF30257275A300880254 /* Info.plist */ = {isa = PBXFileReference; lastKnownFileType = text.plist.xml; path = Info.plist; sourceTree = "<group>"; };
		67FACF362572761300880254 /* .gitignore */ = {isa = PBXFileReference; lastKnownFileType = text; path = .gitignore; sourceTree = "<group>"; };
		67FACF422572821E00880254 /* UIView Extensions.swift */ = {isa = PBXFileReference; lastKnownFileType = sourcecode.swift; path = "UIView Extensions.swift"; sourceTree = "<group>"; };
		67FACF46257284F500880254 /* AlarmListCell.swift */ = {isa = PBXFileReference; lastKnownFileType = sourcecode.swift; path = AlarmListCell.swift; sourceTree = "<group>"; };
		67FACF4A2572897700880254 /* Colors.swift */ = {isa = PBXFileReference; lastKnownFileType = sourcecode.swift; path = Colors.swift; sourceTree = "<group>"; };
		67FACF4C257289A000880254 /* UIColor Extensions.swift */ = {isa = PBXFileReference; lastKnownFileType = sourcecode.swift; path = "UIColor Extensions.swift"; sourceTree = "<group>"; };
/* End PBXFileReference section */

/* Begin PBXFrameworksBuildPhase section */
		67FACF1C2572758E00880254 /* Frameworks */ = {
			isa = PBXFrameworksBuildPhase;
			buildActionMask = 2147483647;
			files = (
			);
			runOnlyForDeploymentPostprocessing = 0;
		};
/* End PBXFrameworksBuildPhase section */

/* Begin PBXGroup section */
		6718C491257D290F0075F4CA /* Managers */ = {
			isa = PBXGroup;
			children = (
				6718C492257D292F0075F4CA /* NotificationManager.swift */,
			);
			path = Managers;
			sourceTree = "<group>";
		};
		67BB949F2577D6C30083B5D6 /* AlarmEditCells */ = {
			isa = PBXGroup;
			children = (
				67BB94A02577D6DD0083B5D6 /* TimeCell.swift */,
				67BB94A22577DC9E0083B5D6 /* DateCell.swift */,
				67AA76C1257A5DC600643F3C /* BaseSettingCell.swift */,
			);
			path = AlarmEditCells;
			sourceTree = "<group>";
		};
		67BB94A42577EBC00083B5D6 /* CustomViews */ = {
			isa = PBXGroup;
			children = (
				67BB94A52577EBE10083B5D6 /* AlarmEditTableFooterView.swift */,
			);
			path = CustomViews;
			sourceTree = "<group>";
		};
		67BB94A72577F03B0083B5D6 /* AlarmEdit */ = {
			isa = PBXGroup;
			children = (
				67CE7B732572AA71002988FE /* AlarmEditController.swift */,
				67BB94A82577F0590083B5D6 /* AlarmEditSection.swift */,
			);
			path = AlarmEdit;
			sourceTree = "<group>";
		};
		67FACF162572758E00880254 = {
			isa = PBXGroup;
			children = (
				67FACF362572761300880254 /* .gitignore */,
				679B8BB3257E7F5000D08287 /* EarlyRiser.mp3 */,
				67FACF212572758E00880254 /* Alarmv */,
				67FACF202572758E00880254 /* Products */,
			);
			sourceTree = "<group>";
		};
		67FACF202572758E00880254 /* Products */ = {
			isa = PBXGroup;
			children = (
				67FACF1F2572758E00880254 /* Alarmv.app */,
			);
			name = Products;
			sourceTree = "<group>";
		};
		67FACF212572758E00880254 /* Alarmv */ = {
			isa = PBXGroup;
			children = (
				67FACF222572758E00880254 /* AppDelegate.swift */,
				67FACF242572758E00880254 /* SceneDelegate.swift */,
				67FACF30257275A300880254 /* Info.plist */,
				67FACF382572773800880254 /* Model */,
				67FACF392572774300880254 /* View */,
				67FACF3A2572774C00880254 /* Controller */,
				67FACF40257281D000880254 /* Utils */,
				67FACF3B2572778700880254 /* Resources */,
			);
			path = Alarmv;
			sourceTree = "<group>";
		};
		67FACF382572773800880254 /* Model */ = {
			isa = PBXGroup;
			children = (
				67AA76C3257A770500643F3C /* Alarm.swift */,
				670857E9257FCF8A009C79D2 /* RepeatDay.swift */,
			);
			path = Model;
			sourceTree = "<group>";
		};
		67FACF392572774300880254 /* View */ = {
			isa = PBXGroup;
			children = (
				67BB94A42577EBC00083B5D6 /* CustomViews */,
				67FACF45257284C500880254 /* Cells */,
			);
			path = View;
			sourceTree = "<group>";
		};
		67FACF3A2572774C00880254 /* Controller */ = {
			isa = PBXGroup;
			children = (
				67BB94A72577F03B0083B5D6 /* AlarmEdit */,
				67FACF262572758E00880254 /* AlarmListController.swift */,
			);
			path = Controller;
			sourceTree = "<group>";
		};
		67FACF3B2572778700880254 /* Resources */ = {
			isa = PBXGroup;
			children = (
				67FACF2D257275A300880254 /* LaunchScreen.storyboard */,
				67FACF2B257275A300880254 /* Assets.xcassets */,
			);
			path = Resources;
			sourceTree = "<group>";
		};
		67FACF40257281D000880254 /* Utils */ = {
			isa = PBXGroup;
			children = (
				6718C491257D290F0075F4CA /* Managers */,
				67FACF442572825C00880254 /* Data */,
				67FACF41257281EC00880254 /* Extensions */,
			);
			path = Utils;
			sourceTree = "<group>";
		};
		67FACF41257281EC00880254 /* Extensions */ = {
			isa = PBXGroup;
			children = (
				67FACF422572821E00880254 /* UIView Extensions.swift */,
				67FACF4C257289A000880254 /* UIColor Extensions.swift */,
			);
			path = Extensions;
			sourceTree = "<group>";
		};
		67FACF442572825C00880254 /* Data */ = {
			isa = PBXGroup;
			children = (
				67FACF4A2572897700880254 /* Colors.swift */,
				678962552579000100F1C550 /* Style.swift */,
			);
			path = Data;
			sourceTree = "<group>";
		};
		67FACF45257284C500880254 /* Cells */ = {
			isa = PBXGroup;
			children = (
				67BB949F2577D6C30083B5D6 /* AlarmEditCells */,
				67FACF46257284F500880254 /* AlarmListCell.swift */,
			);
			path = Cells;
			sourceTree = "<group>";
		};
/* End PBXGroup section */

/* Begin PBXNativeTarget section */
		67FACF1E2572758E00880254 /* Alarmv */ = {
			isa = PBXNativeTarget;
			buildConfigurationList = 67FACF33257275A300880254 /* Build configuration list for PBXNativeTarget "Alarmv" */;
			buildPhases = (
				67FACF1B2572758E00880254 /* Sources */,
				67FACF1C2572758E00880254 /* Frameworks */,
				67FACF1D2572758E00880254 /* Resources */,
			);
			buildRules = (
			);
			dependencies = (
			);
			name = Alarmv;
			productName = Alarmv;
			productReference = 67FACF1F2572758E00880254 /* Alarmv.app */;
			productType = "com.apple.product-type.application";
		};
/* End PBXNativeTarget section */

/* Begin PBXProject section */
		67FACF172572758E00880254 /* Project object */ = {
			isa = PBXProject;
			attributes = {
				LastSwiftUpdateCheck = 1150;
				LastUpgradeCheck = 1150;
				ORGANIZATIONNAME = vlsuv;
				TargetAttributes = {
					67FACF1E2572758E00880254 = {
						CreatedOnToolsVersion = 11.5;
					};
				};
			};
			buildConfigurationList = 67FACF1A2572758E00880254 /* Build configuration list for PBXProject "Alarmv" */;
			compatibilityVersion = "Xcode 9.3";
			developmentRegion = en;
			hasScannedForEncodings = 0;
			knownRegions = (
				en,
				Base,
			);
			mainGroup = 67FACF162572758E00880254;
			productRefGroup = 67FACF202572758E00880254 /* Products */;
			projectDirPath = "";
			projectRoot = "";
			targets = (
				67FACF1E2572758E00880254 /* Alarmv */,
			);
		};
/* End PBXProject section */

/* Begin PBXResourcesBuildPhase section */
		67FACF1D2572758E00880254 /* Resources */ = {
			isa = PBXResourcesBuildPhase;
			buildActionMask = 2147483647;
			files = (
				67FACF372572761300880254 /* .gitignore in Resources */,
				67FACF2F257275A300880254 /* LaunchScreen.storyboard in Resources */,
				679B8BB4257E7F5000D08287 /* EarlyRiser.mp3 in Resources */,
				67FACF2C257275A300880254 /* Assets.xcassets in Resources */,
			);
			runOnlyForDeploymentPostprocessing = 0;
		};
/* End PBXResourcesBuildPhase section */

/* Begin PBXSourcesBuildPhase section */
		67FACF1B2572758E00880254 /* Sources */ = {
			isa = PBXSourcesBuildPhase;
			buildActionMask = 2147483647;
			files = (
				67BB94A62577EBE10083B5D6 /* AlarmEditTableFooterView.swift in Sources */,
				67FACF272572758E00880254 /* AlarmListController.swift in Sources */,
				67AA76C4257A770500643F3C /* Alarm.swift in Sources */,
				67BB94A32577DC9E0083B5D6 /* DateCell.swift in Sources */,
				67FACF4D257289A000880254 /* UIColor Extensions.swift in Sources */,
				6718C493257D292F0075F4CA /* NotificationManager.swift in Sources */,
				67FACF4B2572897700880254 /* Colors.swift in Sources */,
				678962562579000100F1C550 /* Style.swift in Sources */,
				67CE7B742572AA71002988FE /* AlarmEditController.swift in Sources */,
				67BB94A12577D6DD0083B5D6 /* TimeCell.swift in Sources */,
				67FACF232572758E00880254 /* AppDelegate.swift in Sources */,
				67AA76C2257A5DC600643F3C /* BaseSettingCell.swift in Sources */,
				67FACF252572758E00880254 /* SceneDelegate.swift in Sources */,
				670857EA257FCF8A009C79D2 /* RepeatDay.swift in Sources */,
				67BB94A92577F0590083B5D6 /* AlarmEditSection.swift in Sources */,
				67FACF432572821E00880254 /* UIView Extensions.swift in Sources */,
				67FACF47257284F500880254 /* AlarmListCell.swift in Sources */,
			);
			runOnlyForDeploymentPostprocessing = 0;
		};
/* End PBXSourcesBuildPhase section */

/* Begin PBXVariantGroup section */
		67FACF2D257275A300880254 /* LaunchScreen.storyboard */ = {
			isa = PBXVariantGroup;
			children = (
				67FACF2E257275A300880254 /* Base */,
			);
			name = LaunchScreen.storyboard;
			sourceTree = "<group>";
		};
/* End PBXVariantGroup section */

/* Begin XCBuildConfiguration section */
		67FACF31257275A300880254 /* Debug */ = {
			isa = XCBuildConfiguration;
			buildSettings = {
				ALWAYS_SEARCH_USER_PATHS = NO;
				CLANG_ANALYZER_NONNULL = YES;
				CLANG_ANALYZER_NUMBER_OBJECT_CONVERSION = YES_AGGRESSIVE;
				CLANG_CXX_LANGUAGE_STANDARD = "gnu++14";
				CLANG_CXX_LIBRARY = "libc++";
				CLANG_ENABLE_MODULES = YES;
				CLANG_ENABLE_OBJC_ARC = YES;
				CLANG_ENABLE_OBJC_WEAK = YES;
				CLANG_WARN_BLOCK_CAPTURE_AUTORELEASING = YES;
				CLANG_WARN_BOOL_CONVERSION = YES;
				CLANG_WARN_COMMA = YES;
				CLANG_WARN_CONSTANT_CONVERSION = YES;
				CLANG_WARN_DEPRECATED_OBJC_IMPLEMENTATIONS = YES;
				CLANG_WARN_DIRECT_OBJC_ISA_USAGE = YES_ERROR;
				CLANG_WARN_DOCUMENTATION_COMMENTS = YES;
				CLANG_WARN_EMPTY_BODY = YES;
				CLANG_WARN_ENUM_CONVERSION = YES;
				CLANG_WARN_INFINITE_RECURSION = YES;
				CLANG_WARN_INT_CONVERSION = YES;
				CLANG_WARN_NON_LITERAL_NULL_CONVERSION = YES;
				CLANG_WARN_OBJC_IMPLICIT_RETAIN_SELF = YES;
				CLANG_WARN_OBJC_LITERAL_CONVERSION = YES;
				CLANG_WARN_OBJC_ROOT_CLASS = YES_ERROR;
				CLANG_WARN_RANGE_LOOP_ANALYSIS = YES;
				CLANG_WARN_STRICT_PROTOTYPES = YES;
				CLANG_WARN_SUSPICIOUS_MOVE = YES;
				CLANG_WARN_UNGUARDED_AVAILABILITY = YES_AGGRESSIVE;
				CLANG_WARN_UNREACHABLE_CODE = YES;
				CLANG_WARN__DUPLICATE_METHOD_MATCH = YES;
				COPY_PHASE_STRIP = NO;
				DEBUG_INFORMATION_FORMAT = dwarf;
				ENABLE_STRICT_OBJC_MSGSEND = YES;
				ENABLE_TESTABILITY = YES;
				GCC_C_LANGUAGE_STANDARD = gnu11;
				GCC_DYNAMIC_NO_PIC = NO;
				GCC_NO_COMMON_BLOCKS = YES;
				GCC_OPTIMIZATION_LEVEL = 0;
				GCC_PREPROCESSOR_DEFINITIONS = (
					"DEBUG=1",
					"$(inherited)",
				);
				GCC_WARN_64_TO_32_BIT_CONVERSION = YES;
				GCC_WARN_ABOUT_RETURN_TYPE = YES_ERROR;
				GCC_WARN_UNDECLARED_SELECTOR = YES;
				GCC_WARN_UNINITIALIZED_AUTOS = YES_AGGRESSIVE;
				GCC_WARN_UNUSED_FUNCTION = YES;
				GCC_WARN_UNUSED_VARIABLE = YES;
				IPHONEOS_DEPLOYMENT_TARGET = 13.5;
				MTL_ENABLE_DEBUG_INFO = INCLUDE_SOURCE;
				MTL_FAST_MATH = YES;
				ONLY_ACTIVE_ARCH = YES;
				SDKROOT = iphoneos;
				SWIFT_ACTIVE_COMPILATION_CONDITIONS = DEBUG;
				SWIFT_OPTIMIZATION_LEVEL = "-Onone";
			};
			name = Debug;
		};
		67FACF32257275A300880254 /* Release */ = {
			isa = XCBuildConfiguration;
			buildSettings = {
				ALWAYS_SEARCH_USER_PATHS = NO;
				CLANG_ANALYZER_NONNULL = YES;
				CLANG_ANALYZER_NUMBER_OBJECT_CONVERSION = YES_AGGRESSIVE;
				CLANG_CXX_LANGUAGE_STANDARD = "gnu++14";
				CLANG_CXX_LIBRARY = "libc++";
				CLANG_ENABLE_MODULES = YES;
				CLANG_ENABLE_OBJC_ARC = YES;
				CLANG_ENABLE_OBJC_WEAK = YES;
				CLANG_WARN_BLOCK_CAPTURE_AUTORELEASING = YES;
				CLANG_WARN_BOOL_CONVERSION = YES;
				CLANG_WARN_COMMA = YES;
				CLANG_WARN_CONSTANT_CONVERSION = YES;
				CLANG_WARN_DEPRECATED_OBJC_IMPLEMENTATIONS = YES;
				CLANG_WARN_DIRECT_OBJC_ISA_USAGE = YES_ERROR;
				CLANG_WARN_DOCUMENTATION_COMMENTS = YES;
				CLANG_WARN_EMPTY_BODY = YES;
				CLANG_WARN_ENUM_CONVERSION = YES;
				CLANG_WARN_INFINITE_RECURSION = YES;
				CLANG_WARN_INT_CONVERSION = YES;
				CLANG_WARN_NON_LITERAL_NULL_CONVERSION = YES;
				CLANG_WARN_OBJC_IMPLICIT_RETAIN_SELF = YES;
				CLANG_WARN_OBJC_LITERAL_CONVERSION = YES;
				CLANG_WARN_OBJC_ROOT_CLASS = YES_ERROR;
				CLANG_WARN_RANGE_LOOP_ANALYSIS = YES;
				CLANG_WARN_STRICT_PROTOTYPES = YES;
				CLANG_WARN_SUSPICIOUS_MOVE = YES;
				CLANG_WARN_UNGUARDED_AVAILABILITY = YES_AGGRESSIVE;
				CLANG_WARN_UNREACHABLE_CODE = YES;
				CLANG_WARN__DUPLICATE_METHOD_MATCH = YES;
				COPY_PHASE_STRIP = NO;
				DEBUG_INFORMATION_FORMAT = "dwarf-with-dsym";
				ENABLE_NS_ASSERTIONS = NO;
				ENABLE_STRICT_OBJC_MSGSEND = YES;
				GCC_C_LANGUAGE_STANDARD = gnu11;
				GCC_NO_COMMON_BLOCKS = YES;
				GCC_WARN_64_TO_32_BIT_CONVERSION = YES;
				GCC_WARN_ABOUT_RETURN_TYPE = YES_ERROR;
				GCC_WARN_UNDECLARED_SELECTOR = YES;
				GCC_WARN_UNINITIALIZED_AUTOS = YES_AGGRESSIVE;
				GCC_WARN_UNUSED_FUNCTION = YES;
				GCC_WARN_UNUSED_VARIABLE = YES;
				IPHONEOS_DEPLOYMENT_TARGET = 13.5;
				MTL_ENABLE_DEBUG_INFO = NO;
				MTL_FAST_MATH = YES;
				SDKROOT = iphoneos;
				SWIFT_COMPILATION_MODE = wholemodule;
				SWIFT_OPTIMIZATION_LEVEL = "-O";
				VALIDATE_PRODUCT = YES;
			};
			name = Release;
		};
		67FACF34257275A300880254 /* Debug */ = {
			isa = XCBuildConfiguration;
			buildSettings = {
				ASSETCATALOG_COMPILER_APPICON_NAME = AppIcon;
				CODE_SIGN_STYLE = Automatic;
				INFOPLIST_FILE = Alarmv/Info.plist;
				LD_RUNPATH_SEARCH_PATHS = (
					"$(inherited)",
					"@executable_path/Frameworks",
				);
				PRODUCT_BUNDLE_IDENTIFIER = com.Alarmv;
				PRODUCT_NAME = "$(TARGET_NAME)";
				SWIFT_VERSION = 5.0;
				TARGETED_DEVICE_FAMILY = 1;
			};
			name = Debug;
		};
		67FACF35257275A300880254 /* Release */ = {
			isa = XCBuildConfiguration;
			buildSettings = {
				ASSETCATALOG_COMPILER_APPICON_NAME = AppIcon;
				CODE_SIGN_STYLE = Automatic;
				INFOPLIST_FILE = Alarmv/Info.plist;
				LD_RUNPATH_SEARCH_PATHS = (
					"$(inherited)",
					"@executable_path/Frameworks",
				);
				PRODUCT_BUNDLE_IDENTIFIER = com.Alarmv;
				PRODUCT_NAME = "$(TARGET_NAME)";
				SWIFT_VERSION = 5.0;
				TARGETED_DEVICE_FAMILY = 1;
			};
			name = Release;
		};
/* End XCBuildConfiguration section */

/* Begin XCConfigurationList section */
		67FACF1A2572758E00880254 /* Build configuration list for PBXProject "Alarmv" */ = {
			isa = XCConfigurationList;
			buildConfigurations = (
				67FACF31257275A300880254 /* Debug */,
				67FACF32257275A300880254 /* Release */,
			);
			defaultConfigurationIsVisible = 0;
			defaultConfigurationName = Release;
		};
		67FACF33257275A300880254 /* Build configuration list for PBXNativeTarget "Alarmv" */ = {
			isa = XCConfigurationList;
			buildConfigurations = (
				67FACF34257275A300880254 /* Debug */,
				67FACF35257275A300880254 /* Release */,
			);
			defaultConfigurationIsVisible = 0;
			defaultConfigurationName = Release;
		};
/* End XCConfigurationList section */
	};
	rootObject = 67FACF172572758E00880254 /* Project object */;
}
